// !$*UTF8*$!
{
	archiveVersion = 1;
	classes = {
	};
	objectVersion = 55;
	objects = {

/* Begin PBXBuildFile section */
		39EEF66528CBB4C800437654 /* UIColor+Extension.swift in Sources */ = {isa = PBXBuildFile; fileRef = 39EEF66428CBB4C800437654 /* UIColor+Extension.swift */; };
		39EEF66728CBB4ED00437654 /* UIFont+Extension.swift in Sources */ = {isa = PBXBuildFile; fileRef = 39EEF66628CBB4ED00437654 /* UIFont+Extension.swift */; };
		39EEF66928CBB57F00437654 /* UIViewController+Extension.swift in Sources */ = {isa = PBXBuildFile; fileRef = 39EEF66828CBB57F00437654 /* UIViewController+Extension.swift */; };
		39EEF66B28CBB59400437654 /* UITableView+Extension.swift in Sources */ = {isa = PBXBuildFile; fileRef = 39EEF66A28CBB59400437654 /* UITableView+Extension.swift */; };
		39EEF66D28CBB59D00437654 /* UICollectionView+Extension.swift in Sources */ = {isa = PBXBuildFile; fileRef = 39EEF66C28CBB59D00437654 /* UICollectionView+Extension.swift */; };
		39EEF66F28CBB5A600437654 /* NSObject+Extension.swift in Sources */ = {isa = PBXBuildFile; fileRef = 39EEF66E28CBB5A600437654 /* NSObject+Extension.swift */; };
		39EEF67128CBB5F600437654 /* Notification+Extension.swift in Sources */ = {isa = PBXBuildFile; fileRef = 39EEF67028CBB5F600437654 /* Notification+Extension.swift */; };
		39EEF67328CBB60B00437654 /* Encodable+Extension.swift in Sources */ = {isa = PBXBuildFile; fileRef = 39EEF67228CBB60B00437654 /* Encodable+Extension.swift */; };
		39EEF67528CBB61200437654 /* String+Extension.swift in Sources */ = {isa = PBXBuildFile; fileRef = 39EEF67428CBB61200437654 /* String+Extension.swift */; };
		39EEF67728CBB61600437654 /* Date+Extension.swift in Sources */ = {isa = PBXBuildFile; fileRef = 39EEF67628CBB61600437654 /* Date+Extension.swift */; };
		39EEF67928CBB64500437654 /* UIButton+Extension.swift in Sources */ = {isa = PBXBuildFile; fileRef = 39EEF67828CBB64500437654 /* UIButton+Extension.swift */; };
		39EEF67B28CBB65000437654 /* UserDefault+Extension.swift in Sources */ = {isa = PBXBuildFile; fileRef = 39EEF67A28CBB65000437654 /* UserDefault+Extension.swift */; };
		39EEF67E28CBB66F00437654 /* MainButton.swift in Sources */ = {isa = PBXBuildFile; fileRef = 39EEF67D28CBB66F00437654 /* MainButton.swift */; };
		39EEF68228CBB7DE00437654 /* ImageLiteral.swift in Sources */ = {isa = PBXBuildFile; fileRef = 39EEF68128CBB7DE00437654 /* ImageLiteral.swift */; };
		39EEF68528CBB80800437654 /* BaseViewController.swift in Sources */ = {isa = PBXBuildFile; fileRef = 39EEF68428CBB80800437654 /* BaseViewController.swift */; };
		39EEF68728CBB81600437654 /* BaseCollectionViewCell.swift in Sources */ = {isa = PBXBuildFile; fileRef = 39EEF68628CBB81600437654 /* BaseCollectionViewCell.swift */; };
		39EEF68928CBB85C00437654 /* BaseTableViewCell.swift in Sources */ = {isa = PBXBuildFile; fileRef = 39EEF68828CBB85C00437654 /* BaseTableViewCell.swift */; };
		39EEF68D28CBBA1B00437654 /* Model.swift in Sources */ = {isa = PBXBuildFile; fileRef = 39EEF68C28CBBA1B00437654 /* Model.swift */; };
		5227555028B219DC0080DD65 /* AppDelegate.swift in Sources */ = {isa = PBXBuildFile; fileRef = 5227554F28B219DC0080DD65 /* AppDelegate.swift */; };
		5227555228B219DC0080DD65 /* SceneDelegate.swift in Sources */ = {isa = PBXBuildFile; fileRef = 5227555128B219DC0080DD65 /* SceneDelegate.swift */; };
		5227555428B219DC0080DD65 /* ViewController.swift in Sources */ = {isa = PBXBuildFile; fileRef = 5227555328B219DC0080DD65 /* ViewController.swift */; };
		5227555928B219E50080DD65 /* Assets.xcassets in Resources */ = {isa = PBXBuildFile; fileRef = 5227555828B219E50080DD65 /* Assets.xcassets */; };
		5227557028B3092A0080DD65 /* GoogleSignIn in Frameworks */ = {isa = PBXBuildFile; productRef = 5227556F28B3092A0080DD65 /* GoogleSignIn */; };
		5227557428B30AF90080DD65 /* KakaoSDK in Frameworks */ = {isa = PBXBuildFile; productRef = 5227557328B30AF90080DD65 /* KakaoSDK */; };
		7E1F2E2528D2123B00A5744A /* SnapKit in Frameworks */ = {isa = PBXBuildFile; productRef = 7E1F2E2428D2123B00A5744A /* SnapKit */; };
		7E1F2E2E28D2168300A5744A /* Pretendard-Regular.otf in Resources */ = {isa = PBXBuildFile; fileRef = 7E1F2E2A28D2168200A5744A /* Pretendard-Regular.otf */; };
		7E1F2E2F28D2168300A5744A /* Pretendard-SemiBold.otf in Resources */ = {isa = PBXBuildFile; fileRef = 7E1F2E2B28D2168200A5744A /* Pretendard-SemiBold.otf */; };
		7E1F2E3028D2168300A5744A /* Pretendard-Bold.otf in Resources */ = {isa = PBXBuildFile; fileRef = 7E1F2E2C28D2168200A5744A /* Pretendard-Bold.otf */; };
		7E1F2E3128D2168300A5744A /* Pretendard-Medium.otf in Resources */ = {isa = PBXBuildFile; fileRef = 7E1F2E2D28D2168300A5744A /* Pretendard-Medium.otf */; };
/* End PBXBuildFile section */

/* Begin PBXFileReference section */
		39EEF66428CBB4C800437654 /* UIColor+Extension.swift */ = {isa = PBXFileReference; lastKnownFileType = sourcecode.swift; path = "UIColor+Extension.swift"; sourceTree = "<group>"; };
		39EEF66628CBB4ED00437654 /* UIFont+Extension.swift */ = {isa = PBXFileReference; lastKnownFileType = sourcecode.swift; path = "UIFont+Extension.swift"; sourceTree = "<group>"; };
		39EEF66828CBB57F00437654 /* UIViewController+Extension.swift */ = {isa = PBXFileReference; lastKnownFileType = sourcecode.swift; path = "UIViewController+Extension.swift"; sourceTree = "<group>"; };
		39EEF66A28CBB59400437654 /* UITableView+Extension.swift */ = {isa = PBXFileReference; lastKnownFileType = sourcecode.swift; path = "UITableView+Extension.swift"; sourceTree = "<group>"; };
		39EEF66C28CBB59D00437654 /* UICollectionView+Extension.swift */ = {isa = PBXFileReference; lastKnownFileType = sourcecode.swift; path = "UICollectionView+Extension.swift"; sourceTree = "<group>"; };
		39EEF66E28CBB5A600437654 /* NSObject+Extension.swift */ = {isa = PBXFileReference; lastKnownFileType = sourcecode.swift; path = "NSObject+Extension.swift"; sourceTree = "<group>"; };
		39EEF67028CBB5F600437654 /* Notification+Extension.swift */ = {isa = PBXFileReference; lastKnownFileType = sourcecode.swift; path = "Notification+Extension.swift"; sourceTree = "<group>"; };
		39EEF67228CBB60B00437654 /* Encodable+Extension.swift */ = {isa = PBXFileReference; lastKnownFileType = sourcecode.swift; path = "Encodable+Extension.swift"; sourceTree = "<group>"; };
		39EEF67428CBB61200437654 /* String+Extension.swift */ = {isa = PBXFileReference; lastKnownFileType = sourcecode.swift; path = "String+Extension.swift"; sourceTree = "<group>"; };
		39EEF67628CBB61600437654 /* Date+Extension.swift */ = {isa = PBXFileReference; lastKnownFileType = sourcecode.swift; path = "Date+Extension.swift"; sourceTree = "<group>"; };
		39EEF67828CBB64500437654 /* UIButton+Extension.swift */ = {isa = PBXFileReference; lastKnownFileType = sourcecode.swift; path = "UIButton+Extension.swift"; sourceTree = "<group>"; };
		39EEF67A28CBB65000437654 /* UserDefault+Extension.swift */ = {isa = PBXFileReference; lastKnownFileType = sourcecode.swift; path = "UserDefault+Extension.swift"; sourceTree = "<group>"; };
		39EEF67D28CBB66F00437654 /* MainButton.swift */ = {isa = PBXFileReference; lastKnownFileType = sourcecode.swift; path = MainButton.swift; sourceTree = "<group>"; };
		39EEF68128CBB7DE00437654 /* ImageLiteral.swift */ = {isa = PBXFileReference; lastKnownFileType = sourcecode.swift; path = ImageLiteral.swift; sourceTree = "<group>"; };
		39EEF68428CBB80800437654 /* BaseViewController.swift */ = {isa = PBXFileReference; lastKnownFileType = sourcecode.swift; path = BaseViewController.swift; sourceTree = "<group>"; };
		39EEF68628CBB81600437654 /* BaseCollectionViewCell.swift */ = {isa = PBXFileReference; lastKnownFileType = sourcecode.swift; path = BaseCollectionViewCell.swift; sourceTree = "<group>"; };
		39EEF68828CBB85C00437654 /* BaseTableViewCell.swift */ = {isa = PBXFileReference; lastKnownFileType = sourcecode.swift; path = BaseTableViewCell.swift; sourceTree = "<group>"; };
		39EEF68C28CBBA1B00437654 /* Model.swift */ = {isa = PBXFileReference; lastKnownFileType = sourcecode.swift; path = Model.swift; sourceTree = "<group>"; };
		5227554C28B219DC0080DD65 /* fairer-iOS.app */ = {isa = PBXFileReference; explicitFileType = wrapper.application; includeInIndex = 0; path = "fairer-iOS.app"; sourceTree = BUILT_PRODUCTS_DIR; };
		5227554F28B219DC0080DD65 /* AppDelegate.swift */ = {isa = PBXFileReference; lastKnownFileType = sourcecode.swift; path = AppDelegate.swift; sourceTree = "<group>"; };
		5227555128B219DC0080DD65 /* SceneDelegate.swift */ = {isa = PBXFileReference; lastKnownFileType = sourcecode.swift; path = SceneDelegate.swift; sourceTree = "<group>"; };
		5227555328B219DC0080DD65 /* ViewController.swift */ = {isa = PBXFileReference; lastKnownFileType = sourcecode.swift; path = ViewController.swift; sourceTree = "<group>"; };
		5227555828B219E50080DD65 /* Assets.xcassets */ = {isa = PBXFileReference; lastKnownFileType = folder.assetcatalog; path = Assets.xcassets; sourceTree = "<group>"; };
		5227555D28B219E50080DD65 /* Info.plist */ = {isa = PBXFileReference; lastKnownFileType = text.plist.xml; path = Info.plist; sourceTree = "<group>"; };
		5227557128B3095B0080DD65 /* fairer-iOS.entitlements */ = {isa = PBXFileReference; lastKnownFileType = text.plist.entitlements; path = "fairer-iOS.entitlements"; sourceTree = "<group>"; };
		7E1F2E2A28D2168200A5744A /* Pretendard-Regular.otf */ = {isa = PBXFileReference; lastKnownFileType = file; path = "Pretendard-Regular.otf"; sourceTree = "<group>"; };
		7E1F2E2B28D2168200A5744A /* Pretendard-SemiBold.otf */ = {isa = PBXFileReference; lastKnownFileType = file; path = "Pretendard-SemiBold.otf"; sourceTree = "<group>"; };
		7E1F2E2C28D2168200A5744A /* Pretendard-Bold.otf */ = {isa = PBXFileReference; lastKnownFileType = file; path = "Pretendard-Bold.otf"; sourceTree = "<group>"; };
		7E1F2E2D28D2168300A5744A /* Pretendard-Medium.otf */ = {isa = PBXFileReference; lastKnownFileType = file; path = "Pretendard-Medium.otf"; sourceTree = "<group>"; };
/* End PBXFileReference section */

/* Begin PBXFrameworksBuildPhase section */
		5227554928B219DC0080DD65 /* Frameworks */ = {
			isa = PBXFrameworksBuildPhase;
			buildActionMask = 2147483647;
			files = (
				7E1F2E2528D2123B00A5744A /* SnapKit in Frameworks */,
				5227557028B3092A0080DD65 /* GoogleSignIn in Frameworks */,
				5227557428B30AF90080DD65 /* KakaoSDK in Frameworks */,
			);
			runOnlyForDeploymentPostprocessing = 0;
		};
/* End PBXFrameworksBuildPhase section */

/* Begin PBXGroup section */
		39EEF66328CBB4BD00437654 /* Extension */ = {
			isa = PBXGroup;
			children = (
				39EEF66428CBB4C800437654 /* UIColor+Extension.swift */,
				39EEF66628CBB4ED00437654 /* UIFont+Extension.swift */,
				39EEF66828CBB57F00437654 /* UIViewController+Extension.swift */,
				39EEF66A28CBB59400437654 /* UITableView+Extension.swift */,
				39EEF66C28CBB59D00437654 /* UICollectionView+Extension.swift */,
				39EEF66E28CBB5A600437654 /* NSObject+Extension.swift */,
				39EEF67028CBB5F600437654 /* Notification+Extension.swift */,
				39EEF67228CBB60B00437654 /* Encodable+Extension.swift */,
				39EEF67428CBB61200437654 /* String+Extension.swift */,
				39EEF67628CBB61600437654 /* Date+Extension.swift */,
				39EEF67828CBB64500437654 /* UIButton+Extension.swift */,
				39EEF67A28CBB65000437654 /* UserDefault+Extension.swift */,
			);
			path = Extension;
			sourceTree = "<group>";
		};
		39EEF67C28CBB66200437654 /* UIComponent */ = {
			isa = PBXGroup;
			children = (
				39EEF67D28CBB66F00437654 /* MainButton.swift */,
			);
			path = UIComponent;
			sourceTree = "<group>";
		};
		39EEF67F28CBB6CB00437654 /* Supports */ = {
			isa = PBXGroup;
			children = (
				5227557128B3095B0080DD65 /* fairer-iOS.entitlements */,
				5227555128B219DC0080DD65 /* SceneDelegate.swift */,
				5227554F28B219DC0080DD65 /* AppDelegate.swift */,
				5227555D28B219E50080DD65 /* Info.plist */,
			);
			path = Supports;
			sourceTree = "<group>";
		};
		39EEF68028CBB7D000437654 /* Literal */ = {
			isa = PBXGroup;
			children = (
				39EEF68128CBB7DE00437654 /* ImageLiteral.swift */,
			);
			path = Literal;
			sourceTree = "<group>";
		};
		39EEF68328CBB7FE00437654 /* Base */ = {
			isa = PBXGroup;
			children = (
				39EEF68428CBB80800437654 /* BaseViewController.swift */,
				39EEF68628CBB81600437654 /* BaseCollectionViewCell.swift */,
				39EEF68828CBB85C00437654 /* BaseTableViewCell.swift */,
			);
			path = Base;
			sourceTree = "<group>";
		};
		39EEF68A28CBB9D600437654 /* Network */ = {
			isa = PBXGroup;
			children = (
				39EEF68B28CBB9FB00437654 /* Model */,
			);
			path = Network;
			sourceTree = "<group>";
		};
		39EEF68B28CBB9FB00437654 /* Model */ = {
			isa = PBXGroup;
			children = (
				39EEF68C28CBBA1B00437654 /* Model.swift */,
			);
			path = Model;
			sourceTree = "<group>";
		};
		5227554328B219DC0080DD65 = {
			isa = PBXGroup;
			children = (
				5227554E28B219DC0080DD65 /* fairer-iOS */,
				5227554D28B219DC0080DD65 /* Products */,
			);
			sourceTree = "<group>";
		};
		5227554D28B219DC0080DD65 /* Products */ = {
			isa = PBXGroup;
			children = (
				5227554C28B219DC0080DD65 /* fairer-iOS.app */,
			);
			name = Products;
			sourceTree = "<group>";
		};
		5227554E28B219DC0080DD65 /* fairer-iOS */ = {
			isa = PBXGroup;
			children = (
				39EEF68A28CBB9D600437654 /* Network */,
				5227556C28B303370080DD65 /* Screens */,
				5227556428B302C00080DD65 /* Global */,
			);
			path = "fairer-iOS";
			sourceTree = "<group>";
		};
		5227556428B302C00080DD65 /* Global */ = {
			isa = PBXGroup;
			children = (
				39EEF68328CBB7FE00437654 /* Base */,
				39EEF68028CBB7D000437654 /* Literal */,
				39EEF67F28CBB6CB00437654 /* Supports */,
				39EEF67C28CBB66200437654 /* UIComponent */,
				39EEF66328CBB4BD00437654 /* Extension */,
				5227556628B302DB0080DD65 /* Resource */,
			);
			path = Global;
			sourceTree = "<group>";
		};
		5227556628B302DB0080DD65 /* Resource */ = {
			isa = PBXGroup;
			children = (
				7E1F2E2628D212E000A5744A /* Fonts */,
				5227555828B219E50080DD65 /* Assets.xcassets */,
			);
			path = Resource;
			sourceTree = "<group>";
		};
		5227556C28B303370080DD65 /* Screens */ = {
			isa = PBXGroup;
			children = (
				5227555328B219DC0080DD65 /* ViewController.swift */,
			);
			path = Screens;
			sourceTree = "<group>";
		};
		7E1F2E2628D212E000A5744A /* Fonts */ = {
			isa = PBXGroup;
			children = (
				7E1F2E2C28D2168200A5744A /* Pretendard-Bold.otf */,
				7E1F2E2D28D2168300A5744A /* Pretendard-Medium.otf */,
				7E1F2E2A28D2168200A5744A /* Pretendard-Regular.otf */,
				7E1F2E2B28D2168200A5744A /* Pretendard-SemiBold.otf */,
			);
			path = Fonts;
			sourceTree = "<group>";
		};
/* End PBXGroup section */

/* Begin PBXNativeTarget section */
		5227554B28B219DC0080DD65 /* fairer-iOS */ = {
			isa = PBXNativeTarget;
			buildConfigurationList = 5227556028B219E50080DD65 /* Build configuration list for PBXNativeTarget "fairer-iOS" */;
			buildPhases = (
				5227554828B219DC0080DD65 /* Sources */,
				5227554928B219DC0080DD65 /* Frameworks */,
				5227554A28B219DC0080DD65 /* Resources */,
			);
			buildRules = (
			);
			dependencies = (
			);
			name = "fairer-iOS";
			packageProductDependencies = (
				5227556F28B3092A0080DD65 /* GoogleSignIn */,
				5227557328B30AF90080DD65 /* KakaoSDK */,
				7E1F2E2428D2123B00A5744A /* SnapKit */,
			);
			productName = "fairer-iOS";
			productReference = 5227554C28B219DC0080DD65 /* fairer-iOS.app */;
			productType = "com.apple.product-type.application";
		};
/* End PBXNativeTarget section */

/* Begin PBXProject section */
		5227554428B219DC0080DD65 /* Project object */ = {
			isa = PBXProject;
			attributes = {
				BuildIndependentTargetsInParallel = 1;
				LastSwiftUpdateCheck = 1340;
				LastUpgradeCheck = 1340;
				TargetAttributes = {
					5227554B28B219DC0080DD65 = {
						CreatedOnToolsVersion = 13.4.1;
					};
				};
			};
			buildConfigurationList = 5227554728B219DC0080DD65 /* Build configuration list for PBXProject "fairer-iOS" */;
			compatibilityVersion = "Xcode 13.0";
			developmentRegion = en;
			hasScannedForEncodings = 0;
			knownRegions = (
				en,
				Base,
			);
			mainGroup = 5227554328B219DC0080DD65;
			packageReferences = (
				5227556E28B3092A0080DD65 /* XCRemoteSwiftPackageReference "GoogleSignIn-iOS" */,
				5227557228B30AF90080DD65 /* XCRemoteSwiftPackageReference "kakao-ios-sdk" */,
				7E1F2E2328D2123B00A5744A /* XCRemoteSwiftPackageReference "SnapKit" */,
			);
			productRefGroup = 5227554D28B219DC0080DD65 /* Products */;
			projectDirPath = "";
			projectRoot = "";
			targets = (
				5227554B28B219DC0080DD65 /* fairer-iOS */,
			);
		};
/* End PBXProject section */

/* Begin PBXResourcesBuildPhase section */
		5227554A28B219DC0080DD65 /* Resources */ = {
			isa = PBXResourcesBuildPhase;
			buildActionMask = 2147483647;
			files = (
				7E1F2E2F28D2168300A5744A /* Pretendard-SemiBold.otf in Resources */,
				7E1F2E3128D2168300A5744A /* Pretendard-Medium.otf in Resources */,
				7E1F2E3028D2168300A5744A /* Pretendard-Bold.otf in Resources */,
				5227555928B219E50080DD65 /* Assets.xcassets in Resources */,
				7E1F2E2E28D2168300A5744A /* Pretendard-Regular.otf in Resources */,
			);
			runOnlyForDeploymentPostprocessing = 0;
		};
/* End PBXResourcesBuildPhase section */

/* Begin PBXSourcesBuildPhase section */
		5227554828B219DC0080DD65 /* Sources */ = {
			isa = PBXSourcesBuildPhase;
			buildActionMask = 2147483647;
			files = (
				39EEF68D28CBBA1B00437654 /* Model.swift in Sources */,
				39EEF67328CBB60B00437654 /* Encodable+Extension.swift in Sources */,
				39EEF68228CBB7DE00437654 /* ImageLiteral.swift in Sources */,
				39EEF66D28CBB59D00437654 /* UICollectionView+Extension.swift in Sources */,
				39EEF67728CBB61600437654 /* Date+Extension.swift in Sources */,
				39EEF66928CBB57F00437654 /* UIViewController+Extension.swift in Sources */,
				39EEF68728CBB81600437654 /* BaseCollectionViewCell.swift in Sources */,
				39EEF68528CBB80800437654 /* BaseViewController.swift in Sources */,
				39EEF66F28CBB5A600437654 /* NSObject+Extension.swift in Sources */,
				39EEF68928CBB85C00437654 /* BaseTableViewCell.swift in Sources */,
				39EEF67B28CBB65000437654 /* UserDefault+Extension.swift in Sources */,
				39EEF67528CBB61200437654 /* String+Extension.swift in Sources */,
				5227555428B219DC0080DD65 /* ViewController.swift in Sources */,
				39EEF66B28CBB59400437654 /* UITableView+Extension.swift in Sources */,
				5227555028B219DC0080DD65 /* AppDelegate.swift in Sources */,
				5227555228B219DC0080DD65 /* SceneDelegate.swift in Sources */,
				39EEF66728CBB4ED00437654 /* UIFont+Extension.swift in Sources */,
				39EEF67E28CBB66F00437654 /* MainButton.swift in Sources */,
				39EEF67128CBB5F600437654 /* Notification+Extension.swift in Sources */,
				39EEF66528CBB4C800437654 /* UIColor+Extension.swift in Sources */,
				39EEF67928CBB64500437654 /* UIButton+Extension.swift in Sources */,
			);
			runOnlyForDeploymentPostprocessing = 0;
		};
/* End PBXSourcesBuildPhase section */

/* Begin XCBuildConfiguration section */
		5227555E28B219E50080DD65 /* Debug */ = {
			isa = XCBuildConfiguration;
			buildSettings = {
				ALWAYS_SEARCH_USER_PATHS = NO;
				CLANG_ANALYZER_NONNULL = YES;
				CLANG_ANALYZER_NUMBER_OBJECT_CONVERSION = YES_AGGRESSIVE;
				CLANG_CXX_LANGUAGE_STANDARD = "gnu++17";
				CLANG_ENABLE_MODULES = YES;
				CLANG_ENABLE_OBJC_ARC = YES;
				CLANG_ENABLE_OBJC_WEAK = YES;
				CLANG_WARN_BLOCK_CAPTURE_AUTORELEASING = YES;
				CLANG_WARN_BOOL_CONVERSION = YES;
				CLANG_WARN_COMMA = YES;
				CLANG_WARN_CONSTANT_CONVERSION = YES;
				CLANG_WARN_DEPRECATED_OBJC_IMPLEMENTATIONS = YES;
				CLANG_WARN_DIRECT_OBJC_ISA_USAGE = YES_ERROR;
				CLANG_WARN_DOCUMENTATION_COMMENTS = YES;
				CLANG_WARN_EMPTY_BODY = YES;
				CLANG_WARN_ENUM_CONVERSION = YES;
				CLANG_WARN_INFINITE_RECURSION = YES;
				CLANG_WARN_INT_CONVERSION = YES;
				CLANG_WARN_NON_LITERAL_NULL_CONVERSION = YES;
				CLANG_WARN_OBJC_IMPLICIT_RETAIN_SELF = YES;
				CLANG_WARN_OBJC_LITERAL_CONVERSION = YES;
				CLANG_WARN_OBJC_ROOT_CLASS = YES_ERROR;
				CLANG_WARN_QUOTED_INCLUDE_IN_FRAMEWORK_HEADER = YES;
				CLANG_WARN_RANGE_LOOP_ANALYSIS = YES;
				CLANG_WARN_STRICT_PROTOTYPES = YES;
				CLANG_WARN_SUSPICIOUS_MOVE = YES;
				CLANG_WARN_UNGUARDED_AVAILABILITY = YES_AGGRESSIVE;
				CLANG_WARN_UNREACHABLE_CODE = YES;
				CLANG_WARN__DUPLICATE_METHOD_MATCH = YES;
				COPY_PHASE_STRIP = NO;
				DEBUG_INFORMATION_FORMAT = dwarf;
				ENABLE_STRICT_OBJC_MSGSEND = YES;
				ENABLE_TESTABILITY = YES;
				GCC_C_LANGUAGE_STANDARD = gnu11;
				GCC_DYNAMIC_NO_PIC = NO;
				GCC_NO_COMMON_BLOCKS = YES;
				GCC_OPTIMIZATION_LEVEL = 0;
				GCC_PREPROCESSOR_DEFINITIONS = (
					"DEBUG=1",
					"$(inherited)",
				);
				GCC_WARN_64_TO_32_BIT_CONVERSION = YES;
				GCC_WARN_ABOUT_RETURN_TYPE = YES_ERROR;
				GCC_WARN_UNDECLARED_SELECTOR = YES;
				GCC_WARN_UNINITIALIZED_AUTOS = YES_AGGRESSIVE;
				GCC_WARN_UNUSED_FUNCTION = YES;
				GCC_WARN_UNUSED_VARIABLE = YES;
				IPHONEOS_DEPLOYMENT_TARGET = 15.5;
				MTL_ENABLE_DEBUG_INFO = INCLUDE_SOURCE;
				MTL_FAST_MATH = YES;
				ONLY_ACTIVE_ARCH = YES;
				SDKROOT = iphoneos;
				SWIFT_ACTIVE_COMPILATION_CONDITIONS = DEBUG;
				SWIFT_OPTIMIZATION_LEVEL = "-Onone";
			};
			name = Debug;
		};
		5227555F28B219E50080DD65 /* Release */ = {
			isa = XCBuildConfiguration;
			buildSettings = {
				ALWAYS_SEARCH_USER_PATHS = NO;
				CLANG_ANALYZER_NONNULL = YES;
				CLANG_ANALYZER_NUMBER_OBJECT_CONVERSION = YES_AGGRESSIVE;
				CLANG_CXX_LANGUAGE_STANDARD = "gnu++17";
				CLANG_ENABLE_MODULES = YES;
				CLANG_ENABLE_OBJC_ARC = YES;
				CLANG_ENABLE_OBJC_WEAK = YES;
				CLANG_WARN_BLOCK_CAPTURE_AUTORELEASING = YES;
				CLANG_WARN_BOOL_CONVERSION = YES;
				CLANG_WARN_COMMA = YES;
				CLANG_WARN_CONSTANT_CONVERSION = YES;
				CLANG_WARN_DEPRECATED_OBJC_IMPLEMENTATIONS = YES;
				CLANG_WARN_DIRECT_OBJC_ISA_USAGE = YES_ERROR;
				CLANG_WARN_DOCUMENTATION_COMMENTS = YES;
				CLANG_WARN_EMPTY_BODY = YES;
				CLANG_WARN_ENUM_CONVERSION = YES;
				CLANG_WARN_INFINITE_RECURSION = YES;
				CLANG_WARN_INT_CONVERSION = YES;
				CLANG_WARN_NON_LITERAL_NULL_CONVERSION = YES;
				CLANG_WARN_OBJC_IMPLICIT_RETAIN_SELF = YES;
				CLANG_WARN_OBJC_LITERAL_CONVERSION = YES;
				CLANG_WARN_OBJC_ROOT_CLASS = YES_ERROR;
				CLANG_WARN_QUOTED_INCLUDE_IN_FRAMEWORK_HEADER = YES;
				CLANG_WARN_RANGE_LOOP_ANALYSIS = YES;
				CLANG_WARN_STRICT_PROTOTYPES = YES;
				CLANG_WARN_SUSPICIOUS_MOVE = YES;
				CLANG_WARN_UNGUARDED_AVAILABILITY = YES_AGGRESSIVE;
				CLANG_WARN_UNREACHABLE_CODE = YES;
				CLANG_WARN__DUPLICATE_METHOD_MATCH = YES;
				COPY_PHASE_STRIP = NO;
				DEBUG_INFORMATION_FORMAT = "dwarf-with-dsym";
				ENABLE_NS_ASSERTIONS = NO;
				ENABLE_STRICT_OBJC_MSGSEND = YES;
				GCC_C_LANGUAGE_STANDARD = gnu11;
				GCC_NO_COMMON_BLOCKS = YES;
				GCC_WARN_64_TO_32_BIT_CONVERSION = YES;
				GCC_WARN_ABOUT_RETURN_TYPE = YES_ERROR;
				GCC_WARN_UNDECLARED_SELECTOR = YES;
				GCC_WARN_UNINITIALIZED_AUTOS = YES_AGGRESSIVE;
				GCC_WARN_UNUSED_FUNCTION = YES;
				GCC_WARN_UNUSED_VARIABLE = YES;
				IPHONEOS_DEPLOYMENT_TARGET = 15.5;
				MTL_ENABLE_DEBUG_INFO = NO;
				MTL_FAST_MATH = YES;
				SDKROOT = iphoneos;
				SWIFT_COMPILATION_MODE = wholemodule;
				SWIFT_OPTIMIZATION_LEVEL = "-O";
				VALIDATE_PRODUCT = YES;
			};
			name = Release;
		};
		5227556128B219E50080DD65 /* Debug */ = {
			isa = XCBuildConfiguration;
			buildSettings = {
				ASSETCATALOG_COMPILER_APPICON_NAME = AppIcon;
				ASSETCATALOG_COMPILER_GLOBAL_ACCENT_COLOR_NAME = AccentColor;
				CODE_SIGN_ENTITLEMENTS = "fairer-iOS/Global/Supports/fairer-iOS.entitlements";
				CODE_SIGN_STYLE = Automatic;
				CURRENT_PROJECT_VERSION = 1;
				DEVELOPMENT_TEAM = "";
				GENERATE_INFOPLIST_FILE = YES;
				INFOPLIST_FILE = "fairer-iOS/Global/Supports/Info.plist";
				INFOPLIST_KEY_UIApplicationSupportsIndirectInputEvents = YES;
				INFOPLIST_KEY_UILaunchStoryboardName = LaunchScreen;
				INFOPLIST_KEY_UISupportedInterfaceOrientations_iPad = "UIInterfaceOrientationPortrait UIInterfaceOrientationPortraitUpsideDown UIInterfaceOrientationLandscapeLeft UIInterfaceOrientationLandscapeRight";
				INFOPLIST_KEY_UISupportedInterfaceOrientations_iPhone = "UIInterfaceOrientationPortrait UIInterfaceOrientationLandscapeLeft UIInterfaceOrientationLandscapeRight";
				LD_RUNPATH_SEARCH_PATHS = (
					"$(inherited)",
					"@executable_path/Frameworks",
				);
				MARKETING_VERSION = 1.0;
				PRODUCT_BUNDLE_IDENTIFIER = "fairer.fairer-iOS";
				PRODUCT_NAME = "$(TARGET_NAME)";
				SWIFT_EMIT_LOC_STRINGS = YES;
				SWIFT_VERSION = 5.0;
				TARGETED_DEVICE_FAMILY = "1,2";
			};
			name = Debug;
		};
		5227556228B219E50080DD65 /* Release */ = {
			isa = XCBuildConfiguration;
			buildSettings = {
				ASSETCATALOG_COMPILER_APPICON_NAME = AppIcon;
				ASSETCATALOG_COMPILER_GLOBAL_ACCENT_COLOR_NAME = AccentColor;
				CODE_SIGN_ENTITLEMENTS = "fairer-iOS/Global/Supports/fairer-iOS.entitlements";
				CODE_SIGN_STYLE = Automatic;
				CURRENT_PROJECT_VERSION = 1;
				DEVELOPMENT_TEAM = "";
				GENERATE_INFOPLIST_FILE = YES;
				INFOPLIST_FILE = "fairer-iOS/Global/Supports/Info.plist";
				INFOPLIST_KEY_UIApplicationSupportsIndirectInputEvents = YES;
				INFOPLIST_KEY_UILaunchStoryboardName = LaunchScreen;
				INFOPLIST_KEY_UISupportedInterfaceOrientations_iPad = "UIInterfaceOrientationPortrait UIInterfaceOrientationPortraitUpsideDown UIInterfaceOrientationLandscapeLeft UIInterfaceOrientationLandscapeRight";
				INFOPLIST_KEY_UISupportedInterfaceOrientations_iPhone = "UIInterfaceOrientationPortrait UIInterfaceOrientationLandscapeLeft UIInterfaceOrientationLandscapeRight";
				LD_RUNPATH_SEARCH_PATHS = (
					"$(inherited)",
					"@executable_path/Frameworks",
				);
				MARKETING_VERSION = 1.0;
				PRODUCT_BUNDLE_IDENTIFIER = "fairer.fairer-iOS";
				PRODUCT_NAME = "$(TARGET_NAME)";
				SWIFT_EMIT_LOC_STRINGS = YES;
				SWIFT_VERSION = 5.0;
				TARGETED_DEVICE_FAMILY = "1,2";
			};
			name = Release;
		};
/* End XCBuildConfiguration section */

/* Begin XCConfigurationList section */
		5227554728B219DC0080DD65 /* Build configuration list for PBXProject "fairer-iOS" */ = {
			isa = XCConfigurationList;
			buildConfigurations = (
				5227555E28B219E50080DD65 /* Debug */,
				5227555F28B219E50080DD65 /* Release */,
			);
			defaultConfigurationIsVisible = 0;
			defaultConfigurationName = Release;
		};
		5227556028B219E50080DD65 /* Build configuration list for PBXNativeTarget "fairer-iOS" */ = {
			isa = XCConfigurationList;
			buildConfigurations = (
				5227556128B219E50080DD65 /* Debug */,
				5227556228B219E50080DD65 /* Release */,
			);
			defaultConfigurationIsVisible = 0;
			defaultConfigurationName = Release;
		};
/* End XCConfigurationList section */

/* Begin XCRemoteSwiftPackageReference section */
		5227556E28B3092A0080DD65 /* XCRemoteSwiftPackageReference "GoogleSignIn-iOS" */ = {
			isa = XCRemoteSwiftPackageReference;
			repositoryURL = "https://github.com/google/GoogleSignIn-iOS";
			requirement = {
				kind = upToNextMajorVersion;
				minimumVersion = 6.0.0;
			};
		};
		5227557228B30AF90080DD65 /* XCRemoteSwiftPackageReference "kakao-ios-sdk" */ = {
			isa = XCRemoteSwiftPackageReference;
			repositoryURL = "https://github.com/kakao/kakao-ios-sdk";
			requirement = {
				kind = upToNextMajorVersion;
				minimumVersion = 2.0.0;
			};
		};
		7E1F2E2328D2123B00A5744A /* XCRemoteSwiftPackageReference "SnapKit" */ = {
			isa = XCRemoteSwiftPackageReference;
			repositoryURL = "https://github.com/SnapKit/SnapKit.git";
			requirement = {
				kind = upToNextMajorVersion;
				minimumVersion = 5.0.0;
			};
		};
/* End XCRemoteSwiftPackageReference section */

/* Begin XCSwiftPackageProductDependency section */
		5227556F28B3092A0080DD65 /* GoogleSignIn */ = {
			isa = XCSwiftPackageProductDependency;
			package = 5227556E28B3092A0080DD65 /* XCRemoteSwiftPackageReference "GoogleSignIn-iOS" */;
			productName = GoogleSignIn;
		};
		5227557328B30AF90080DD65 /* KakaoSDK */ = {
			isa = XCSwiftPackageProductDependency;
			package = 5227557228B30AF90080DD65 /* XCRemoteSwiftPackageReference "kakao-ios-sdk" */;
			productName = KakaoSDK;
		};
		7E1F2E2428D2123B00A5744A /* SnapKit */ = {
			isa = XCSwiftPackageProductDependency;
			package = 7E1F2E2328D2123B00A5744A /* XCRemoteSwiftPackageReference "SnapKit" */;
			productName = SnapKit;
		};
/* End XCSwiftPackageProductDependency section */
	};
	rootObject = 5227554428B219DC0080DD65 /* Project object */;
}
